
Microsoft Visual Studio Solution File, Format Version 12.00
# Visual Studio Version 16
VisualStudioVersion = 16.0.30413.136
MinimumVisualStudioVersion = 10.0.40219.1
Project("{2150E333-8FDC-42A3-9474-1A3956D46DE8}") = "src", "src", "{C5ACF645-BB3F-4DAD-AC52-737975FC5BA4}"
EndProject
Project("{2150E333-8FDC-42A3-9474-1A3956D46DE8}") = "Identidade", "Identidade", "{B28F339E-3669-4B84-9484-F75C5219914E}"
EndProject
Project("{2150E333-8FDC-42A3-9474-1A3956D46DE8}") = "WebApp", "WebApp", "{C77DB099-707C-473A-8EFA-442FD550337E}"
EndProject
Project("{2150E333-8FDC-42A3-9474-1A3956D46DE8}") = "Catalogo", "Catalogo", "{5DF0A1C4-AE0F-4C9F-95B6-F128B1D42545}"
EndProject
Project("{2150E333-8FDC-42A3-9474-1A3956D46DE8}") = "Building Blocks", "Building Blocks", "{6D48A02C-4558-46A5-87E6-3084050405EA}"
EndProject
Project("{2150E333-8FDC-42A3-9474-1A3956D46DE8}") = "Services", "Services", "{52BC90FC-DE15-45A2-B4E4-1EF508E729AD}"
EndProject
Project("{9A19103F-16F7-4668-BE54-9A1E7A4F7556}") = "CB.Identidade.Api", "src\CB.Identidade.Api\CB.Identidade.Api.csproj", "{5B36B8DB-E048-4B57-AD64-71C4B1D5D1AD}"
EndProject
Project("{9A19103F-16F7-4668-BE54-9A1E7A4F7556}") = "CB.WebApp.MVC", "src\CB.WebApp.MVC\CB.WebApp.MVC.csproj", "{339432AE-FFDE-477A-AE56-62AD6B933AEB}"
EndProject
Project("{9A19103F-16F7-4668-BE54-9A1E7A4F7556}") = "CB.Core", "src\CB.Core\CB.Core.csproj", "{3A36B59B-3164-460A-BADE-C9ACCBFCBF89}"
EndProject
Project("{9A19103F-16F7-4668-BE54-9A1E7A4F7556}") = "CB.Catalogo.API", "src\CB.Catalogo.API\CB.Catalogo.API.csproj", "{E9545F91-3174-4A26-90CE-D3D6B416BA3D}"
EndProject
Project("{2150E333-8FDC-42A3-9474-1A3956D46DE8}") = "Core", "Core", "{156CB08A-62D5-497F-A648-B72F8887815F}"
EndProject
Project("{2150E333-8FDC-42A3-9474-1A3956D46DE8}") = "Services", "Services", "{27286C58-BCDC-48E6-AE32-5350D8FFC578}"
EndProject
Project("{9A19103F-16F7-4668-BE54-9A1E7A4F7556}") = "CB.WebAPI.Core", "src\CB.WebAPI.Core\CB.WebAPI.Core.csproj", "{E373A188-5DCF-4A09-9D76-64B0A9AC7C22}"
EndProject
Project("{9A19103F-16F7-4668-BE54-9A1E7A4F7556}") = "CB.Catalogo.Data", "src\CB.Catalogo.Data\CB.Catalogo.Data.csproj", "{51313533-2575-4C2D-8DFA-BFB5B3756509}"
EndProject
Project("{9A19103F-16F7-4668-BE54-9A1E7A4F7556}") = "CB.Catalogo.Domain", "src\CB.Catalogo.Domain\CB.Catalogo.Domain.csproj", "{284476DB-D26E-45EE-B4AC-03D881746FF5}"
EndProject
Global
	GlobalSection(SolutionConfigurationPlatforms) = preSolution
		Debug|Any CPU = Debug|Any CPU
		Release|Any CPU = Release|Any CPU
	EndGlobalSection
	GlobalSection(ProjectConfigurationPlatforms) = postSolution
		{5B36B8DB-E048-4B57-AD64-71C4B1D5D1AD}.Debug|Any CPU.ActiveCfg = Debug|Any CPU
		{5B36B8DB-E048-4B57-AD64-71C4B1D5D1AD}.Debug|Any CPU.Build.0 = Debug|Any CPU
		{5B36B8DB-E048-4B57-AD64-71C4B1D5D1AD}.Release|Any CPU.ActiveCfg = Release|Any CPU
		{5B36B8DB-E048-4B57-AD64-71C4B1D5D1AD}.Release|Any CPU.Build.0 = Release|Any CPU
		{339432AE-FFDE-477A-AE56-62AD6B933AEB}.Debug|Any CPU.ActiveCfg = Debug|Any CPU
		{339432AE-FFDE-477A-AE56-62AD6B933AEB}.Debug|Any CPU.Build.0 = Debug|Any CPU
		{339432AE-FFDE-477A-AE56-62AD6B933AEB}.Release|Any CPU.ActiveCfg = Release|Any CPU
		{339432AE-FFDE-477A-AE56-62AD6B933AEB}.Release|Any CPU.Build.0 = Release|Any CPU
		{3A36B59B-3164-460A-BADE-C9ACCBFCBF89}.Debug|Any CPU.ActiveCfg = Debug|Any CPU
		{3A36B59B-3164-460A-BADE-C9ACCBFCBF89}.Debug|Any CPU.Build.0 = Debug|Any CPU
		{3A36B59B-3164-460A-BADE-C9ACCBFCBF89}.Release|Any CPU.ActiveCfg = Release|Any CPU
		{3A36B59B-3164-460A-BADE-C9ACCBFCBF89}.Release|Any CPU.Build.0 = Release|Any CPU
		{E9545F91-3174-4A26-90CE-D3D6B416BA3D}.Debug|Any CPU.ActiveCfg = Debug|Any CPU
		{E9545F91-3174-4A26-90CE-D3D6B416BA3D}.Debug|Any CPU.Build.0 = Debug|Any CPU
		{E9545F91-3174-4A26-90CE-D3D6B416BA3D}.Release|Any CPU.ActiveCfg = Release|Any CPU
		{E9545F91-3174-4A26-90CE-D3D6B416BA3D}.Release|Any CPU.Build.0 = Release|Any CPU
		{E373A188-5DCF-4A09-9D76-64B0A9AC7C22}.Debug|Any CPU.ActiveCfg = Debug|Any CPU
		{E373A188-5DCF-4A09-9D76-64B0A9AC7C22}.Debug|Any CPU.Build.0 = Debug|Any CPU
		{E373A188-5DCF-4A09-9D76-64B0A9AC7C22}.Release|Any CPU.ActiveCfg = Release|Any CPU
		{E373A188-5DCF-4A09-9D76-64B0A9AC7C22}.Release|Any CPU.Build.0 = Release|Any CPU
		{51313533-2575-4C2D-8DFA-BFB5B3756509}.Debug|Any CPU.ActiveCfg = Debug|Any CPU
		{51313533-2575-4C2D-8DFA-BFB5B3756509}.Debug|Any CPU.Build.0 = Debug|Any CPU
		{51313533-2575-4C2D-8DFA-BFB5B3756509}.Release|Any CPU.ActiveCfg = Release|Any CPU
		{51313533-2575-4C2D-8DFA-BFB5B3756509}.Release|Any CPU.Build.0 = Release|Any CPU
		{284476DB-D26E-45EE-B4AC-03D881746FF5}.Debug|Any CPU.ActiveCfg = Debug|Any CPU
		{284476DB-D26E-45EE-B4AC-03D881746FF5}.Debug|Any CPU.Build.0 = Debug|Any CPU
		{284476DB-D26E-45EE-B4AC-03D881746FF5}.Release|Any CPU.ActiveCfg = Release|Any CPU
		{284476DB-D26E-45EE-B4AC-03D881746FF5}.Release|Any CPU.Build.0 = Release|Any CPU
	EndGlobalSection
	GlobalSection(SolutionProperties) = preSolution
		HideSolutionNode = FALSE
	EndGlobalSection
	GlobalSection(NestedProjects) = preSolution
		{B28F339E-3669-4B84-9484-F75C5219914E} = {52BC90FC-DE15-45A2-B4E4-1EF508E729AD}
		{C77DB099-707C-473A-8EFA-442FD550337E} = {C5ACF645-BB3F-4DAD-AC52-737975FC5BA4}
		{5DF0A1C4-AE0F-4C9F-95B6-F128B1D42545} = {52BC90FC-DE15-45A2-B4E4-1EF508E729AD}
		{6D48A02C-4558-46A5-87E6-3084050405EA} = {C5ACF645-BB3F-4DAD-AC52-737975FC5BA4}
		{52BC90FC-DE15-45A2-B4E4-1EF508E729AD} = {C5ACF645-BB3F-4DAD-AC52-737975FC5BA4}
		{5B36B8DB-E048-4B57-AD64-71C4B1D5D1AD} = {B28F339E-3669-4B84-9484-F75C5219914E}
		{339432AE-FFDE-477A-AE56-62AD6B933AEB} = {C77DB099-707C-473A-8EFA-442FD550337E}
		{3A36B59B-3164-460A-BADE-C9ACCBFCBF89} = {156CB08A-62D5-497F-A648-B72F8887815F}
		{E9545F91-3174-4A26-90CE-D3D6B416BA3D} = {5DF0A1C4-AE0F-4C9F-95B6-F128B1D42545}
		{156CB08A-62D5-497F-A648-B72F8887815F} = {6D48A02C-4558-46A5-87E6-3084050405EA}
		{27286C58-BCDC-48E6-AE32-5350D8FFC578} = {6D48A02C-4558-46A5-87E6-3084050405EA}
		{E373A188-5DCF-4A09-9D76-64B0A9AC7C22} = {27286C58-BCDC-48E6-AE32-5350D8FFC578}
		{51313533-2575-4C2D-8DFA-BFB5B3756509} = {5DF0A1C4-AE0F-4C9F-95B6-F128B1D42545}
		{284476DB-D26E-45EE-B4AC-03D881746FF5} = {5DF0A1C4-AE0F-4C9F-95B6-F128B1D42545}
	EndGlobalSection
	GlobalSection(ExtensibilityGlobals) = postSolution
		SolutionGuid = {FB109C2F-9179-47B3-B361-EE35A3EFFA12}
	EndGlobalSection
EndGlobal
